Microsoft Visual Studio Solution File, Format Version 11.00
# Visual Studio 2008

Project("{7970E3F3-E7DE-362B-7F5F-8AE1F6BAC6A5}") = "SimplePoolSystem", "Assembly-CSharp.csproj", "{BF7A61AC-4D09-FF2F-6D64-E47354B808F8}"
EndProject
Project("{7970E3F3-E7DE-362B-7F5F-8AE1F6BAC6A5}") = "SimplePoolSystem", "Assembly-CSharp-Editor.csproj", "{BADFFEC0-F6B4-0BD0-F35E-6084CC2FDB35}"
EndProject
Global
	GlobalSection(SolutionConfigurationPlatforms) = preSolution
		Debug|Any CPU = Debug|Any CPU
		Release|Any CPU = Release|Any CPU
	EndGlobalSection
	GlobalSection(ProjectConfigurationPlatforms) = postSolution
		{BF7A61AC-4D09-FF2F-6D64-E47354B808F8}.Debug|Any CPU.ActiveCfg = Debug|Any CPU
		{BF7A61AC-4D09-FF2F-6D64-E47354B808F8}.Debug|Any CPU.Build.0 = Debug|Any CPU
		{BF7A61AC-4D09-FF2F-6D64-E47354B808F8}.Release|Any CPU.ActiveCfg = Release|Any CPU
		{BF7A61AC-4D09-FF2F-6D64-E47354B808F8}.Release|Any CPU.Build.0 = Release|Any CPU
		{BADFFEC0-F6B4-0BD0-F35E-6084CC2FDB35}.Debug|Any CPU.ActiveCfg = Debug|Any CPU
		{BADFFEC0-F6B4-0BD0-F35E-6084CC2FDB35}.Debug|Any CPU.Build.0 = Debug|Any CPU
		{BADFFEC0-F6B4-0BD0-F35E-6084CC2FDB35}.Release|Any CPU.ActiveCfg = Release|Any CPU
		{BADFFEC0-F6B4-0BD0-F35E-6084CC2FDB35}.Release|Any CPU.Build.0 = Release|Any CPU
	EndGlobalSection
	GlobalSection(SolutionProperties) = preSolution
		HideSolutionNode = FALSE
	EndGlobalSection
	GlobalSection(MonoDevelopProperties) = preSolution
		StartupItem = Assembly-CSharp.csproj
	EndGlobalSection
EndGlobal
